{
  "version": 4,
  "terraform_version": "1.3.7",
  "serial": 5,
  "lineage": "f7937c66-b239-7bfa-5c44-452cfa49d4d4",
  "outputs": {},
  "resources": [
    {
      "module": "module.core_network",
      "mode": "managed",
      "type": "azurerm_resource_group",
      "name": "rg",
      "provider": "provider[\"registry.terraform.io/hashicorp/azurerm\"]",
      "instances": [
        {
          "schema_version": 0,
          "attributes": {
            "id": "/subscriptions/b095f8b2-7122-4917-9a7a-3215ebfd02ff/resourceGroups/myproject-dev-network-rg",
            "location": "eastus2",
            "managed_by": "",
            "name": "myproject-dev-network-rg",
            "tags": null,
            "timeouts": null
          },
          "sensitive_attributes": [],
          "private": "eyJlMmJmYjczMC1lY2FhLTExZTYtOGY4OC0zNDM2M2JjN2M0YzAiOnsiY3JlYXRlIjo1NDAwMDAwMDAwMDAwLCJkZWxldGUiOjU0MDAwMDAwMDAwMDAsInJlYWQiOjMwMDAwMDAwMDAwMCwidXBkYXRlIjo1NDAwMDAwMDAwMDAwfX0="
        }
      ]
    },
    {
      "module": "module.core_network",
      "mode": "managed",
      "type": "azurerm_subnet",
      "name": "subnet",
      "provider": "provider[\"registry.terraform.io/hashicorp/azurerm\"]",
      "instances": [
        {
          "schema_version": 0,
          "attributes": {
            "address_prefixes": [
              "10.50.1.0/24"
            ],
            "default_outbound_access_enabled": true,
            "delegation": [],
            "enforce_private_link_endpoint_network_policies": false,
            "enforce_private_link_service_network_policies": false,
            "id": "/subscriptions/b095f8b2-7122-4917-9a7a-3215ebfd02ff/resourceGroups/myproject-dev-network-rg/providers/Microsoft.Network/virtualNetworks/myproject-dev-network-vnet/subnets/myproject-dev-network-subnet",
            "name": "myproject-dev-network-subnet",
            "private_endpoint_network_policies": "Enabled",
            "private_endpoint_network_policies_enabled": true,
            "private_link_service_network_policies_enabled": true,
            "resource_group_name": "myproject-dev-network-rg",
            "service_endpoint_policy_ids": null,
            "service_endpoints": null,
            "timeouts": null,
            "virtual_network_name": "myproject-dev-network-vnet"
          },
          "sensitive_attributes": [],
          "private": "eyJlMmJmYjczMC1lY2FhLTExZTYtOGY4OC0zNDM2M2JjN2M0YzAiOnsiY3JlYXRlIjoxODAwMDAwMDAwMDAwLCJkZWxldGUiOjE4MDAwMDAwMDAwMDAsInJlYWQiOjMwMDAwMDAwMDAwMCwidXBkYXRlIjoxODAwMDAwMDAwMDAwfX0=",
          "dependencies": [
            "module.core_network.azurerm_resource_group.rg",
            "module.core_network.azurerm_virtual_network.vnet"
          ]
        }
      ]
    },
    {
      "module": "module.core_network",
      "mode": "managed",
      "type": "azurerm_virtual_network",
      "name": "vnet",
      "provider": "provider[\"registry.terraform.io/hashicorp/azurerm\"]",
      "instances": [
        {
          "schema_version": 0,
          "attributes": {
            "address_space": [
              "10.50.0.0/16"
            ],
            "bgp_community": "",
            "ddos_protection_plan": [],
            "dns_servers": [],
            "edge_zone": "",
            "encryption": [],
            "flow_timeout_in_minutes": 0,
            "guid": "add21038-d3e5-4c77-bf68-fc5dee65b264",
            "id": "/subscriptions/b095f8b2-7122-4917-9a7a-3215ebfd02ff/resourceGroups/myproject-dev-network-rg/providers/Microsoft.Network/virtualNetworks/myproject-dev-network-vnet",
            "location": "eastus2",
            "name": "myproject-dev-network-vnet",
            "resource_group_name": "myproject-dev-network-rg",
            "subnet": [],
            "tags": null,
            "timeouts": null
          },
          "sensitive_attributes": [],
          "private": "eyJlMmJmYjczMC1lY2FhLTExZTYtOGY4OC0zNDM2M2JjN2M0YzAiOnsiY3JlYXRlIjoxODAwMDAwMDAwMDAwLCJkZWxldGUiOjE4MDAwMDAwMDAwMDAsInJlYWQiOjMwMDAwMDAwMDAwMCwidXBkYXRlIjoxODAwMDAwMDAwMDAwfX0=",
          "dependencies": [
            "module.core_network.azurerm_resource_group.rg"
          ]
        }
      ]
    }
  ],
  "check_results": null
}
